
Microsoft Visual Studio Solution File, Format Version 12.00
# Visual Studio Version 17
VisualStudioVersion = 17.11.35303.130
MinimumVisualStudioVersion = 10.0.40219.1
Project("{FAE04EC0-301F-11D3-BF4B-00C04F79EFBC}") = "Fall2024-Assignment1-rmondal", "Fall2024-Assignment1-rmondal.csproj", "{79A6AC94-E4FD-4EFF-B203-8720BE820DA9}"
EndProject
Global
	GlobalSection(SolutionConfigurationPlatforms) = preSolution
		Debug|Any CPU = Debug|Any CPU
		Release|Any CPU = Release|Any CPU
	EndGlobalSection
	GlobalSection(ProjectConfigurationPlatforms) = postSolution
		{79A6AC94-E4FD-4EFF-B203-8720BE820DA9}.Debug|Any CPU.ActiveCfg = Debug|Any CPU
		{79A6AC94-E4FD-4EFF-B203-8720BE820DA9}.Debug|Any CPU.Build.0 = Debug|Any CPU
		{79A6AC94-E4FD-4EFF-B203-8720BE820DA9}.Release|Any CPU.ActiveCfg = Release|Any CPU
		{79A6AC94-E4FD-4EFF-B203-8720BE820DA9}.Release|Any CPU.Build.0 = Release|Any CPU
	EndGlobalSection
	GlobalSection(SolutionProperties) = preSolution
		HideSolutionNode = FALSE
	EndGlobalSection
	GlobalSection(ExtensibilityGlobals) = postSolution
		SolutionGuid = {169A3D3B-E68A-4197-85DB-18B31D3A05D3}
	EndGlobalSection
EndGlobal
