
Microsoft Visual Studio Solution File, Format Version 12.00
# Visual Studio Version 17
VisualStudioVersion = 17.11.35303.130
MinimumVisualStudioVersion = 10.0.40219.1
Project("{FAE04EC0-301F-11D3-BF4B-00C04F79EFBC}") = "Fall2024-Assignment1-rmondal", "Fall2024-Assignment1-rmondal.csproj", "{D2924861-AD98-4610-B51D-A8F503E5F5C2}"
EndProject
Global
	GlobalSection(SolutionConfigurationPlatforms) = preSolution
		Debug|Any CPU = Debug|Any CPU
		Release|Any CPU = Release|Any CPU
	EndGlobalSection
	GlobalSection(ProjectConfigurationPlatforms) = postSolution
		{D2924861-AD98-4610-B51D-A8F503E5F5C2}.Debug|Any CPU.ActiveCfg = Debug|Any CPU
		{D2924861-AD98-4610-B51D-A8F503E5F5C2}.Debug|Any CPU.Build.0 = Debug|Any CPU
		{D2924861-AD98-4610-B51D-A8F503E5F5C2}.Release|Any CPU.ActiveCfg = Release|Any CPU
		{D2924861-AD98-4610-B51D-A8F503E5F5C2}.Release|Any CPU.Build.0 = Release|Any CPU
	EndGlobalSection
	GlobalSection(SolutionProperties) = preSolution
		HideSolutionNode = FALSE
	EndGlobalSection
	GlobalSection(ExtensibilityGlobals) = postSolution
		SolutionGuid = {8F58D15C-7A52-458B-A45F-8F57F1921019}
	EndGlobalSection
EndGlobal
